DEPENDENCIES
  chatsecure_jekyll
    path: site-cookbooks/chatsecure_jekyll
  chatsecure_rubdub
    path: site-cookbooks/chatsecure_rubdub
  chatsecure_ssl
    path: site-cookbooks/chatsecure_ssl
  chatsecure_users
    path: site-cookbooks/chatsecure_users
  chatsecure_web
    path: site-cookbooks/chatsecure_web
  database
  fail2ban
  git
  htop
  logwatch
  memcached
  nginx
  openssh
  postgres
  python
  sudo
  ufw
  unattended_upgrades
    git: git://github.com/ChatSecure/chef-unattended-upgrades.git
    revision: e7a6ed3026477ff362a4313e9788233ca05f3676
  user

GRAPH
  7-zip (1.0.2)
    windows (>= 1.2.2)
  apt (2.9.2)
  ark (1.1.0)
    build-essential (>= 0.0.0)
    seven_zip (>= 0.0.0)
    windows (>= 0.0.0)
  bluepill (2.4.3)
    rsyslog (>= 2.0)
  build-essential (2.4.0)
    7-zip (>= 0.0.0)
  chatsecure_jekyll (0.1.0)
    chatsecure_ssl (>= 0.0.0)
    nginx (>= 0.0.0)
  chatsecure_rubdub (0.1.0)
    nodejs (>= 0.0.0)
    ssh_known_hosts (>= 0.0.0)
  chatsecure_ssl (0.1.0)
  chatsecure_users (0.1.0)
    sudo (>= 0.0.0)
    user (>= 0.0.0)
  chatsecure_web (0.1.0)
    database (>= 0.0.0)
    python (>= 0.0.0)
    ssh_known_hosts (>= 0.0.0)
  chef-sugar (3.3.0)
  chef_handler (1.4.0)
  compat_resource (12.10.6)
  database (5.1.2)
    postgresql (>= 1.0.0)
  dmg (2.4.0)
  fail2ban (2.3.0)
    yum-epel (>= 0.0.0)
  firewall (2.5.2)
    chef-sugar (>= 0.0.0)
  git (4.5.0)
    build-essential (>= 0.0.0)
    dmg (>= 0.0.0)
    windows (>= 0.0.0)
    yum-epel (>= 0.0.0)
  homebrew (2.1.0)
    build-essential (>= 2.1.2)
  htop (2.0.0)
    yum-repoforge (>= 0.0.0)
  ipaddr_extensions (0.3.1)
  iptables (2.2.0)
  logwatch (1.2.1)
    perl (~> 1.2)
  memcached (3.0.0)
    compat_resource (>= 12.9.0)
    runit (>= 1.2.0)
    yum-epel (>= 0.0.0)
  nginx (2.7.6)
    apt (~> 2.2)
    bluepill (~> 2.3)
    build-essential (~> 2.0)
    ohai (~> 2.0)
    runit (~> 1.2)
    yum-epel (~> 0.3)
  nodejs (2.4.4)
    apt (>= 0.0.0)
    ark (>= 0.0.0)
    build-essential (>= 0.0.0)
    homebrew (>= 0.0.0)
    yum-epel (>= 0.0.0)
  ohai (2.1.0)
  openssh (2.0.0)
    iptables (>= 1.0)
  openssl (4.4.0)
    chef-sugar (>= 3.1.1)
  packagecloud (0.2.3)
  partial_search (1.0.9)
  paths (0.3.0)
  perl (1.2.4)
  postgres (2.17.3)
    build-essential (>= 0.0.0)
    ipaddr_extensions (>= 0.0.0)
    paths (>= 0.0.0)
    rbac (>= 0.0.0)
    resource-control (>= 0.0.0)
    smf (>= 2.0.1)
  postgresql (4.0.6)
    apt (>= 1.9.0)
    build-essential (>= 0.0.0)
    openssl (~> 4.0)
  python (1.4.6)
    build-essential (>= 0.0.0)
    yum-epel (>= 0.0.0)
  rbac (1.0.3)
  resource-control (0.1.2)
  rsyslog (4.0.0)
    compat_resource (>= 0.0.0)
  runit (1.7.8)
    packagecloud (>= 0.0.0)
  seven_zip (2.0.1)
    windows (>= 1.2.2)
  smf (2.2.8)
    rbac (>= 1.0.1)
  ssh_known_hosts (2.0.0)
    partial_search (>= 0.0.0)
  sudo (2.9.0)
  ufw (1.0.0)
    firewall (>= 2.0)
  unattended_upgrades (0.0.1)
    apt (>= 0.0.0)
  user (0.4.2)
  windows (1.43.0)
    chef_handler (>= 0.0.0)
  yum (3.11.0)
  yum-epel (0.7.0)
    yum (>= 3.6.3)
  yum-repoforge (0.7.0)
    yum (~> 3.2)
    yum-epel (>= 0.0.0)
